Microsoft Visual Studio Solution File, Format Version 12.00
# Visual Studio Version 16
VisualStudioVersion = 16.0.29709.97
MinimumVisualStudioVersion = 10.0.40219.1
Project("{2150E333-8FDC-42A3-9474-1A3956D46DE8}") = "docs", "docs", "{A6A6AF7D-D6E3-442D-9B1E-58CC91879BE1}"
EndProject
Project("{F2A71F9B-5D33-465A-A702-920D77279786}") = "FSharpPlus", "src\FSharpPlus\FSharpPlus.fsproj", "{1368368E-D2F4-4FEF-BB2F-492E05156E0F}"
EndProject
Project("{2150E333-8FDC-42A3-9474-1A3956D46DE8}") = "project", "project", "{BF60BC93-E09B-4E5F-9D85-95A519479D54}"
	ProjectSection(SolutionItems) = preProject
		README.md = README.md
		RELEASE_NOTES.md = RELEASE_NOTES.md
	EndProjectSection
EndProject
Project("{2150E333-8FDC-42A3-9474-1A3956D46DE8}") = "tools", "tools", "{83F16175-43B1-4C90-A1EE-8E351C33435D}"
EndProject
Project("{2150E333-8FDC-42A3-9474-1A3956D46DE8}") = "content", "content", "{8E6D5255-776D-4B61-85F9-73C37AA1FB9A}"
	ProjectSection(SolutionItems) = preProject
		docsrc\content\abstraction-alternative.fsx = docsrc\content\abstraction-alternative.fsx
		docsrc\content\abstraction-applicative.fsx = docsrc\content\abstraction-applicative.fsx
		docsrc\content\abstraction-arrow.fsx = docsrc\content\abstraction-arrow.fsx
		docsrc\content\abstraction-bifoldable.fsx = docsrc\content\abstraction-bifoldable.fsx
		docsrc\content\abstraction-bifunctor.fsx = docsrc\content\abstraction-bifunctor.fsx
		docsrc\content\abstraction-bitraversable.fsx = docsrc\content\abstraction-bitraversable.fsx
		docsrc\content\abstraction-category.fsx = docsrc\content\abstraction-category.fsx
		docsrc\content\abstraction-comonad.fsx = docsrc\content\abstraction-comonad.fsx
		docsrc\content\abstraction-contravariant.fsx = docsrc\content\abstraction-contravariant.fsx
		docsrc\content\abstraction-foldable.fsx = docsrc\content\abstraction-foldable.fsx
		docsrc\content\abstraction-functor.fsx = docsrc\content\abstraction-functor.fsx
		docsrc\content\abstraction-misc.fsx = docsrc\content\abstraction-misc.fsx
		docsrc\content\abstraction-monad.fsx = docsrc\content\abstraction-monad.fsx
		docsrc\content\abstraction-monoid.fsx = docsrc\content\abstraction-monoid.fsx
		docsrc\content\abstraction-profunctor.fsx = docsrc\content\abstraction-profunctor.fsx
		docsrc\content\abstraction-semigroup.fsx = docsrc\content\abstraction-semigroup.fsx
		docsrc\content\abstraction-traversable.fsx = docsrc\content\abstraction-traversable.fsx
		docsrc\content\abstractions.fsx = docsrc\content\abstractions.fsx
		docsrc\content\abstractions.plantuml = docsrc\content\abstractions.plantuml
		docsrc\content\applicative-functors.fsx = docsrc\content\applicative-functors.fsx
		docsrc\content\computation-expressions.fsx = docsrc\content\computation-expressions.fsx
		docsrc\content\extension-methods.fsx = docsrc\content\extension-methods.fsx
		docsrc\content\generic-doc.fsx = docsrc\content\generic-doc.fsx
		docsrc\content\index.fsx = docsrc\content\index.fsx
		docsrc\content\lens.fsx = docsrc\content\lens.fsx
		docsrc\content\numerics.fsx = docsrc\content\numerics.fsx
		docsrc\content\tutorial.fsx = docsrc\content\tutorial.fsx
		docsrc\content\type-all.fsx = docsrc\content\type-all.fsx
		docsrc\content\type-any.fsx = docsrc\content\type-any.fsx
		docsrc\content\type-choicet.fsx = docsrc\content\type-choicet.fsx
		docsrc\content\type-compose.fsx = docsrc\content\type-compose.fsx
		docsrc\content\type-const.fsx = docsrc\content\type-const.fsx
		docsrc\content\type-cont.fsx = docsrc\content\type-cont.fsx
		docsrc\content\type-contt.fsx = docsrc\content\type-contt.fsx
		docsrc\content\type-coproduct.fsx = docsrc\content\type-coproduct.fsx
		docsrc\content\type-dlist.fsx = docsrc\content\type-dlist.fsx
		docsrc\content\type-dual.fsx = docsrc\content\type-dual.fsx
		docsrc\content\type-endo.fsx = docsrc\content\type-endo.fsx
		docsrc\content\type-first.fsx = docsrc\content\type-first.fsx
		docsrc\content\type-free.fsx = docsrc\content\type-free.fsx
		docsrc\content\type-identity.fsx = docsrc\content\type-identity.fsx
		docsrc\content\type-kleisli.fsx = docsrc\content\type-kleisli.fsx
		docsrc\content\type-last.fsx = docsrc\content\type-last.fsx
		docsrc\content\type-listt.fsx = docsrc\content\type-listt.fsx
		docsrc\content\type-matrix.fsx = docsrc\content\type-matrix.fsx
		docsrc\content\type-mult.fsx = docsrc\content\type-mult.fsx
		docsrc\content\type-nonempty.fsx = docsrc\content\type-nonempty.fsx
		docsrc\content\type-optiont.fsx = docsrc\content\type-optiont.fsx
		docsrc\content\type-parallelarray.fsx = docsrc\content\type-parallelarray.fsx
		docsrc\content\type-reader.fsx = docsrc\content\type-reader.fsx
		docsrc\content\type-readert.fsx = docsrc\content\type-readert.fsx
		docsrc\content\type-resultt.fsx = docsrc\content\type-resultt.fsx
		docsrc\content\type-seqt.fsx = docsrc\content\type-seqt.fsx
		docsrc\content\type-state.fsx = docsrc\content\type-state.fsx
		docsrc\content\type-statet.fsx = docsrc\content\type-statet.fsx
		docsrc\content\type-validation.fsx = docsrc\content\type-validation.fsx
		docsrc\content\type-vector.fsx = docsrc\content\type-vector.fsx
		docsrc\content\type-writer.fsx = docsrc\content\type-writer.fsx
		docsrc\content\type-writert.fsx = docsrc\content\type-writert.fsx
		docsrc\content\type-ziplist.fsx = docsrc\content\type-ziplist.fsx
		docsrc\content\types.fsx = docsrc\content\types.fsx
	EndProjectSection
EndProject
Project("{2150E333-8FDC-42A3-9474-1A3956D46DE8}") = "tests", "tests", "{ED8079DD-2B06-4030-9F0F-DC548F98E1C4}"
EndProject
Project("{F2A71F9B-5D33-465A-A702-920D77279786}") = "FSharpPlus.Tests", "tests\FSharpPlus.Tests\FSharpPlus.Tests.fsproj", "{FED64B0A-3FD7-4357-98B6-0B01A3A26EC7}"
EndProject
Project("{2150E333-8FDC-42A3-9474-1A3956D46DE8}") = "src", "src", "{81F5F559-FD23-4E90-9EE6-3E2A2C1A7F96}"
EndProject
Project("{F2A71F9B-5D33-465A-A702-920D77279786}") = "FSharpPlus.Docs", "src\FSharpPlus.Docs\FSharpPlus.Docs.fsproj", "{B725BEFA-524E-4FD8-BFFF-4AEBCD03D8CF}"
EndProject
Project("{F2A71F9B-5D33-465A-A702-920D77279786}") = "FSharpPlus.1", "tests\FSharpPlus.1\FSharpPlus.1.fsproj", "{E63B5896-A063-45CF-9802-67E81C31D846}"
EndProject
Project("{F2A71F9B-5D33-465A-A702-920D77279786}") = "FSharpPlus.TypeLevel", "src\FSharpPlus.TypeLevel\FSharpPlus.TypeLevel.fsproj", "{AFB80E42-3D22-4C38-B51E-27E9FA4D8111}"
EndProject
Project("{F2A71F9B-5D33-465A-A702-920D77279786}") = "FSharpPlus.Providers", "src\FSharpPlus.TypeLevel\Providers\FSharpPlus.Providers.fsproj", "{9B93F5E5-3D53-42F1-96E2-06E6A7B496A0}"
EndProject
Project("{FAE04EC0-301F-11D3-BF4B-00C04F79EFBC}") = "CSharpLib", "tests\CSharpLib\CSharpLib.csproj", "{7A5B766E-8141-4D8A-B3EB-91422FDBDF71}"
EndProject
Project("{F2A71F9B-5D33-465A-A702-920D77279786}") = "FSharpPlusFable.Tests", "tests\FSharpPlusFable.Tests\FSharpPlusFable.Tests.fsproj", "{1CCD1BFB-60E4-40AA-B534-3C5EEE5E1E83}"
EndProject
Global
	GlobalSection(SolutionConfigurationPlatforms) = preSolution
		Debug|Any CPU = Debug|Any CPU
		Release|Any CPU = Release|Any CPU
		Fable|Any CPU = Fable|Any CPU
		Fable3|Any CPU = Fable3|Any CPU
	EndGlobalSection
	GlobalSection(ProjectConfigurationPlatforms) = postSolution
		{1368368E-D2F4-4FEF-BB2F-492E05156E0F}.Debug|Any CPU.ActiveCfg = Debug|Any CPU
		{1368368E-D2F4-4FEF-BB2F-492E05156E0F}.Debug|Any CPU.Build.0 = Debug|Any CPU
		{1368368E-D2F4-4FEF-BB2F-492E05156E0F}.Release|Any CPU.ActiveCfg = Release|Any CPU
		{1368368E-D2F4-4FEF-BB2F-492E05156E0F}.Release|Any CPU.Build.0 = Release|Any CPU
		{1368368E-D2F4-4FEF-BB2F-492E05156E0F}.Fable|Any CPU.ActiveCfg = Fable|Any CPU
		{1368368E-D2F4-4FEF-BB2F-492E05156E0F}.Fable|Any CPU.Build.0 = Fable|Any CPU
		{1368368E-D2F4-4FEF-BB2F-492E05156E0F}.Fable3|Any CPU.ActiveCfg = Fable3|Any CPU
		{1368368E-D2F4-4FEF-BB2F-492E05156E0F}.Fable3|Any CPU.Build.0 = Fable3|Any CPU
		{FED64B0A-3FD7-4357-98B6-0B01A3A26EC7}.Debug|Any CPU.ActiveCfg = Debug|Any CPU
		{FED64B0A-3FD7-4357-98B6-0B01A3A26EC7}.Debug|Any CPU.Build.0 = Debug|Any CPU
		{FED64B0A-3FD7-4357-98B6-0B01A3A26EC7}.Release|Any CPU.ActiveCfg = Release|Any CPU
		{FED64B0A-3FD7-4357-98B6-0B01A3A26EC7}.Release|Any CPU.Build.0 = Release|Any CPU
		{FED64B0A-3FD7-4357-98B6-0B01A3A26EC7}.Fable|Any CPU.ActiveCfg = Fable|Any CPU
		{FED64B0A-3FD7-4357-98B6-0B01A3A26EC7}.Fable|Any CPU.Build.0 = Fable|Any CPU
		{FED64B0A-3FD7-4357-98B6-0B01A3A26EC7}.Fable3|Any CPU.ActiveCfg = Fable3|Any CPU
		{B725BEFA-524E-4FD8-BFFF-4AEBCD03D8CF}.Debug|Any CPU.ActiveCfg = Debug|Any CPU
		{B725BEFA-524E-4FD8-BFFF-4AEBCD03D8CF}.Debug|Any CPU.Build.0 = Debug|Any CPU
		{B725BEFA-524E-4FD8-BFFF-4AEBCD03D8CF}.Release|Any CPU.ActiveCfg = Release|Any CPU
		{B725BEFA-524E-4FD8-BFFF-4AEBCD03D8CF}.Release|Any CPU.Build.0 = Release|Any CPU
		{B725BEFA-524E-4FD8-BFFF-4AEBCD03D8CF}.Fable|Any CPU.ActiveCfg = Fable|Any CPU
		{B725BEFA-524E-4FD8-BFFF-4AEBCD03D8CF}.Fable|Any CPU.Build.0 = Fable|Any CPU
		{B725BEFA-524E-4FD8-BFFF-4AEBCD03D8CF}.Fable3|Any CPU.ActiveCfg = Fable3|Any CPU
		{B725BEFA-524E-4FD8-BFFF-4AEBCD03D8CF}.Fable3|Any CPU.Build.0 = Fable3|Any CPU
		{AFB80E42-3D22-4C38-B51E-27E9FA4D8111}.Debug|Any CPU.ActiveCfg = Debug|Any CPU
		{AFB80E42-3D22-4C38-B51E-27E9FA4D8111}.Debug|Any CPU.Build.0 = Debug|Any CPU
		{AFB80E42-3D22-4C38-B51E-27E9FA4D8111}.Release|Any CPU.ActiveCfg = Release|Any CPU
		{AFB80E42-3D22-4C38-B51E-27E9FA4D8111}.Release|Any CPU.Build.0 = Release|Any CPU
		{AFB80E42-3D22-4C38-B51E-27E9FA4D8111}.Debug|x64.ActiveCfg = Debug|Any CPU
		{AFB80E42-3D22-4C38-B51E-27E9FA4D8111}.Debug|x64.Build.0 = Debug|Any CPU
		{AFB80E42-3D22-4C38-B51E-27E9FA4D8111}.Debug|x86.ActiveCfg = Debug|Any CPU
		{AFB80E42-3D22-4C38-B51E-27E9FA4D8111}.Debug|x86.Build.0 = Debug|Any CPU
		{AFB80E42-3D22-4C38-B51E-27E9FA4D8111}.Release|x64.ActiveCfg = Release|Any CPU
		{AFB80E42-3D22-4C38-B51E-27E9FA4D8111}.Release|x64.Build.0 = Release|Any CPU
		{AFB80E42-3D22-4C38-B51E-27E9FA4D8111}.Release|x86.ActiveCfg = Release|Any CPU
		{AFB80E42-3D22-4C38-B51E-27E9FA4D8111}.Release|x86.Build.0 = Release|Any CPU
		{B725BEFA-524E-4FD8-BFFF-4AEBCD03D8CF}.Release|x64.ActiveCfg = Release|Any CPU
		{B725BEFA-524E-4FD8-BFFF-4AEBCD03D8CF}.Release|x64.Build.0 = Release|Any CPU
		{B725BEFA-524E-4FD8-BFFF-4AEBCD03D8CF}.Release|x86.ActiveCfg = Release|Any CPU
		{B725BEFA-524E-4FD8-BFFF-4AEBCD03D8CF}.Release|x86.Build.0 = Release|Any CPU
		{E63B5896-A063-45CF-9802-67E81C31D846}.Debug|Any CPU.ActiveCfg = Debug|Any CPU
		{E63B5896-A063-45CF-9802-67E81C31D846}.Debug|Any CPU.Build.0 = Debug|Any CPU
		{E63B5896-A063-45CF-9802-67E81C31D846}.Debug|x64.ActiveCfg = Debug|Any CPU
		{E63B5896-A063-45CF-9802-67E81C31D846}.Debug|x64.Build.0 = Debug|Any CPU
		{E63B5896-A063-45CF-9802-67E81C31D846}.Debug|x86.ActiveCfg = Debug|Any CPU
		{E63B5896-A063-45CF-9802-67E81C31D846}.Debug|x86.Build.0 = Debug|Any CPU
		{E63B5896-A063-45CF-9802-67E81C31D846}.Release|Any CPU.ActiveCfg = Release|Any CPU
		{E63B5896-A063-45CF-9802-67E81C31D846}.Release|Any CPU.Build.0 = Release|Any CPU
		{E63B5896-A063-45CF-9802-67E81C31D846}.Release|x64.ActiveCfg = Release|Any CPU
		{E63B5896-A063-45CF-9802-67E81C31D846}.Release|x64.Build.0 = Release|Any CPU
		{E63B5896-A063-45CF-9802-67E81C31D846}.Release|x86.ActiveCfg = Release|Any CPU
		{E63B5896-A063-45CF-9802-67E81C31D846}.Release|x86.Build.0 = Release|Any CPU
		{AFB80E42-3D22-4C38-B51E-27E9FA4D8111}.Fable|Any CPU.ActiveCfg = Fable|Any CPU
		{AFB80E42-3D22-4C38-B51E-27E9FA4D8111}.Fable|Any CPU.Build.0 = Fable|Any CPU
		{AFB80E42-3D22-4C38-B51E-27E9FA4D8111}.Fable3|Any CPU.ActiveCfg = Fable3|Any CPU
		{AFB80E42-3D22-4C38-B51E-27E9FA4D8111}.Fable3|Any CPU.Build.0 = Fable3|Any CPU
		{9B93F5E5-3D53-42F1-96E2-06E6A7B496A0}.Debug|Any CPU.ActiveCfg = Debug|Any CPU
		{9B93F5E5-3D53-42F1-96E2-06E6A7B496A0}.Debug|Any CPU.Build.0 = Debug|Any CPU
		{9B93F5E5-3D53-42F1-96E2-06E6A7B496A0}.Release|Any CPU.ActiveCfg = Release|Any CPU
		{9B93F5E5-3D53-42F1-96E2-06E6A7B496A0}.Release|Any CPU.Build.0 = Release|Any CPU
		{9B93F5E5-3D53-42F1-96E2-06E6A7B496A0}.Release|x64.ActiveCfg = Release|Any CPU
		{9B93F5E5-3D53-42F1-96E2-06E6A7B496A0}.Release|x64.Build.0 = Release|Any CPU
		{9B93F5E5-3D53-42F1-96E2-06E6A7B496A0}.Release|x86.ActiveCfg = Release|Any CPU
		{9B93F5E5-3D53-42F1-96E2-06E6A7B496A0}.Release|x86.Build.0 = Release|Any CPU
		{9B93F5E5-3D53-42F1-96E2-06E6A7B496A0}.Fable|Any CPU.ActiveCfg = Fable|Any CPU
		{9B93F5E5-3D53-42F1-96E2-06E6A7B496A0}.Fable|Any CPU.Build.0 = Fable|Any CPU
		{9B93F5E5-3D53-42F1-96E2-06E6A7B496A0}.Fable3|Any CPU.ActiveCfg = Fable3|Any CPU
		{9B93F5E5-3D53-42F1-96E2-06E6A7B496A0}.Fable3|Any CPU.Build.0 = Fable3|Any CPU
		{1CCD1BFB-60E4-40AA-B534-3C5EEE5E1E83}.Debug|Any CPU.ActiveCfg = Debug|Any CPU
		{1CCD1BFB-60E4-40AA-B534-3C5EEE5E1E83}.Debug|Any CPU.Build.0 = Debug|Any CPU
		{1CCD1BFB-60E4-40AA-B534-3C5EEE5E1E83}.Release|Any CPU.ActiveCfg = Release|Any CPU
		{1CCD1BFB-60E4-40AA-B534-3C5EEE5E1E83}.Release|Any CPU.Build.0 = Release|Any CPU
		{1CCD1BFB-60E4-40AA-B534-3C5EEE5E1E83}.Fable|Any CPU.ActiveCfg = Fable|Any CPU
		{1CCD1BFB-60E4-40AA-B534-3C5EEE5E1E83}.Fable|Any CPU.Build.0 = Fable|Any CPU
		{1CCD1BFB-60E4-40AA-B534-3C5EEE5E1E83}.Fable3|Any CPU.ActiveCfg = Fable3|Any CPU
		{1CCD1BFB-60E4-40AA-B534-3C5EEE5E1E83}.Fable3|Any CPU.Build.0 = Fable3|Any CPU
		{B725BEFA-524E-4FD8-BFFF-4AEBCD03D8CF}.Fable|Any CPU.ActiveCfg = Fable|Any CPU
		{B725BEFA-524E-4FD8-BFFF-4AEBCD03D8CF}.Fable|Any CPU.Build.0 = Fable|Any CPU
		{B725BEFA-524E-4FD8-BFFF-4AEBCD03D8CF}.Fable3|Any CPU.ActiveCfg = Fable3|Any CPU
		{B725BEFA-524E-4FD8-BFFF-4AEBCD03D8CF}.Fable3|Any CPU.Build.0 = Fable3|Any CPU
		{AFB80E42-3D22-4C38-B51E-27E9FA4D8111}.Debug|Any CPU.ActiveCfg = Debug|Any CPU
		{AFB80E42-3D22-4C38-B51E-27E9FA4D8111}.Debug|Any CPU.Build.0 = Debug|Any CPU
		{AFB80E42-3D22-4C38-B51E-27E9FA4D8111}.Release|Any CPU.ActiveCfg = Release|Any CPU
		{AFB80E42-3D22-4C38-B51E-27E9FA4D8111}.Release|Any CPU.Build.0 = Release|Any CPU
		{AFB80E42-3D22-4C38-B51E-27E9FA4D8111}.Fable|Any CPU.ActiveCfg = Fable|Any CPU
		{AFB80E42-3D22-4C38-B51E-27E9FA4D8111}.Fable|Any CPU.Build.0 = Fable|Any CPU
		{AFB80E42-3D22-4C38-B51E-27E9FA4D8111}.Fable3|Any CPU.ActiveCfg = Fable3|Any CPU
		{AFB80E42-3D22-4C38-B51E-27E9FA4D8111}.Fable3|Any CPU.Build.0 = Fable3|Any CPU
		{9B93F5E5-3D53-42F1-96E2-06E6A7B496A0}.Debug|Any CPU.ActiveCfg = Debug|Any CPU
		{9B93F5E5-3D53-42F1-96E2-06E6A7B496A0}.Debug|Any CPU.Build.0 = Debug|Any CPU
		{9B93F5E5-3D53-42F1-96E2-06E6A7B496A0}.Release|Any CPU.ActiveCfg = Release|Any CPU
		{9B93F5E5-3D53-42F1-96E2-06E6A7B496A0}.Release|Any CPU.Build.0 = Release|Any CPU
		{9B93F5E5-3D53-42F1-96E2-06E6A7B496A0}.Fable|Any CPU.ActiveCfg = Fable|Any CPU
		{9B93F5E5-3D53-42F1-96E2-06E6A7B496A0}.Fable|Any CPU.Build.0 = Fable|Any CPU
		{9B93F5E5-3D53-42F1-96E2-06E6A7B496A0}.Fable3|Any CPU.ActiveCfg = Fable3|Any CPU
		{9B93F5E5-3D53-42F1-96E2-06E6A7B496A0}.Fable3|Any CPU.Build.0 = Fable3|Any CPU
		{7A5B766E-8141-4D8A-B3EB-91422FDBDF71}.Debug|Any CPU.ActiveCfg = Debug|Any CPU
		{7A5B766E-8141-4D8A-B3EB-91422FDBDF71}.Debug|Any CPU.Build.0 = Debug|Any CPU
		{7A5B766E-8141-4D8A-B3EB-91422FDBDF71}.Release|Any CPU.ActiveCfg = Release|Any CPU
		{7A5B766E-8141-4D8A-B3EB-91422FDBDF71}.Release|Any CPU.Build.0 = Release|Any CPU
		{7A5B766E-8141-4D8A-B3EB-91422FDBDF71}.Fable|Any CPU.ActiveCfg = Fable|Any CPU
		{7A5B766E-8141-4D8A-B3EB-91422FDBDF71}.Fable|Any CPU.Build.0 = Fable|Any CPU
		{7A5B766E-8141-4D8A-B3EB-91422FDBDF71}.Fable3|Any CPU.ActiveCfg = Fable3|Any CPU
		{7A5B766E-8141-4D8A-B3EB-91422FDBDF71}.Fable3|Any CPU.Build.0 = Fable3|Any CPU
		{1CCD1BFB-60E4-40AA-B534-3C5EEE5E1E83}.Debug|Any CPU.ActiveCfg = Debug|Any CPU
		{1CCD1BFB-60E4-40AA-B534-3C5EEE5E1E83}.Debug|Any CPU.Build.0 = Debug|Any CPU
		{1CCD1BFB-60E4-40AA-B534-3C5EEE5E1E83}.Release|Any CPU.ActiveCfg = Release|Any CPU
		{1CCD1BFB-60E4-40AA-B534-3C5EEE5E1E83}.Release|Any CPU.Build.0 = Release|Any CPU
		{1CCD1BFB-60E4-40AA-B534-3C5EEE5E1E83}.Fable|Any CPU.ActiveCfg = Fable|Any CPU
		{1CCD1BFB-60E4-40AA-B534-3C5EEE5E1E83}.Fable|Any CPU.Build.0 = Fable|Any CPU
		{1CCD1BFB-60E4-40AA-B534-3C5EEE5E1E83}.Fable3|Any CPU.ActiveCfg = Fable3|Any CPU
		{1CCD1BFB-60E4-40AA-B534-3C5EEE5E1E83}.Fable3|Any CPU.Build.0 = Fable3|Any CPU
	EndGlobalSection
	GlobalSection(SolutionProperties) = preSolution
		HideSolutionNode = FALSE
	EndGlobalSection
	GlobalSection(NestedProjects) = preSolution
		{83F16175-43B1-4C90-A1EE-8E351C33435D} = {A6A6AF7D-D6E3-442D-9B1E-58CC91879BE1}
		{8E6D5255-776D-4B61-85F9-73C37AA1FB9A} = {A6A6AF7D-D6E3-442D-9B1E-58CC91879BE1}
		{FED64B0A-3FD7-4357-98B6-0B01A3A26EC7} = {ED8079DD-2B06-4030-9F0F-DC548F98E1C4}
		{B725BEFA-524E-4FD8-BFFF-4AEBCD03D8CF} = {81F5F559-FD23-4E90-9EE6-3E2A2C1A7F96}
		{E63B5896-A063-45CF-9802-67E81C31D846} = {ED8079DD-2B06-4030-9F0F-DC548F98E1C4}
		{9B93F5E5-3D53-42F1-96E2-06E6A7B496A0} = {81F5F559-FD23-4E90-9EE6-3E2A2C1A7F96}
		{1CCD1BFB-60E4-40AA-B534-3C5EEE5E1E83} = {ED8079DD-2B06-4030-9F0F-DC548F98E1C4}
		{9B93F5E5-3D53-42F1-96E2-06E6A7B496A0} = {81F5F559-FD23-4E90-9EE6-3E2A2C1A7F96}
		{7A5B766E-8141-4D8A-B3EB-91422FDBDF71} = {ED8079DD-2B06-4030-9F0F-DC548F98E1C4}
		{1CCD1BFB-60E4-40AA-B534-3C5EEE5E1E83} = {ED8079DD-2B06-4030-9F0F-DC548F98E1C4}
	EndGlobalSection
	GlobalSection(ExtensibilityGlobals) = postSolution
		SolutionGuid = {789B5FFA-7891-4F60-831E-42C3C5ED2C51}
	EndGlobalSection
EndGlobal
